
Microsoft Visual Studio Solution File, Format Version 12.00
# Visual Studio Version 16
VisualStudioVersion = 16.0.31205.134
MinimumVisualStudioVersion = 10.0.40219.1
Project("{FAE04EC0-301F-11D3-BF4B-00C04F79EFBC}") = "MetalBandBakery.Console", "MetalBandBakery.console\MetalBandBakery.Console.csproj", "{4F02595E-7653-4DE1-89C2-6C156AA1DF1F}"
	ProjectSection(ProjectDependencies) = postProject
		{9653DF9A-0374-4C25-BF2B-4A550A890DE6} = {9653DF9A-0374-4C25-BF2B-4A550A890DE6}
		{F1A3A2A8-03D9-46E3-BDE7-F578D721E285} = {F1A3A2A8-03D9-46E3-BDE7-F578D721E285}
	EndProjectSection
EndProject
Project("{FAE04EC0-301F-11D3-BF4B-00C04F79EFBC}") = "MetalBandBakery.Core", "MetalBandBakery.Core\MetalBandBakery.Core.csproj", "{4F279183-FB25-4D23-95C4-A27D068B3B14}"
EndProject
Project("{E24C65DC-7377-472B-9ABA-BC803B73C61A}") = "MetalBandBakery.Inventory.WCF", "MetalBandBakery.Inventory.WCF\", "{F1A3A2A8-03D9-46E3-BDE7-F578D721E285}"
	ProjectSection(WebsiteProperties) = preProject
		TargetFrameworkMoniker = ".NETFramework,Version%3Dv4.7.2"
		ProjectReferences = "{4f279183-fb25-4d23-95c4-a27d068b3b14}|MetalBandBakery.Core.dll;{634f2ea5-1c23-4766-821e-e7517c4ebdeb}|MetalBandBakery.Infra.dll;"
		Debug.AspNetCompiler.VirtualPath = "/localhost_55243"
		Debug.AspNetCompiler.PhysicalPath = "MetalBandBakery.Inventory.WCF\"
		Debug.AspNetCompiler.TargetPath = "PrecompiledWeb\localhost_55243\"
		Debug.AspNetCompiler.Updateable = "true"
		Debug.AspNetCompiler.ForceOverwrite = "true"
		Debug.AspNetCompiler.FixedNames = "false"
		Debug.AspNetCompiler.Debug = "True"
		Release.AspNetCompiler.VirtualPath = "/localhost_55243"
		Release.AspNetCompiler.PhysicalPath = "MetalBandBakery.Inventory.WCF\"
		Release.AspNetCompiler.TargetPath = "PrecompiledWeb\localhost_55243\"
		Release.AspNetCompiler.Updateable = "true"
		Release.AspNetCompiler.ForceOverwrite = "true"
		Release.AspNetCompiler.FixedNames = "false"
		Release.AspNetCompiler.Debug = "False"
		VWDPort = "55243"
		SlnRelativePath = "MetalBandBakery.Inventory.WCF\"
		DefaultWebSiteLanguage = "Visual C#"
	EndProjectSection
EndProject
Project("{FAE04EC0-301F-11D3-BF4B-00C04F79EFBC}") = "MetalBandBakery.Infra", "MetalBandBakery.Infra\MetalBandBakery.Infra.csproj", "{634F2EA5-1C23-4766-821E-E7517C4EBDEB}"
	ProjectSection(ProjectDependencies) = postProject
		{CBDA0555-1016-4771-8AA6-EDD6917813FD} = {CBDA0555-1016-4771-8AA6-EDD6917813FD}
		{F1A3A2A8-03D9-46E3-BDE7-F578D721E285} = {F1A3A2A8-03D9-46E3-BDE7-F578D721E285}
	EndProjectSection
EndProject
Project("{E24C65DC-7377-472B-9ABA-BC803B73C61A}") = "MetalBandBakery.ReplaceService.WCF", "MetalBandBakery.ReplaceService.WCF\", "{9653DF9A-0374-4C25-BF2B-4A550A890DE6}"
	ProjectSection(WebsiteProperties) = preProject
		TargetFrameworkMoniker = ".NETFramework,Version%3Dv4.7.2"
		ProjectReferences = "{634f2ea5-1c23-4766-821e-e7517c4ebdeb}|MetalBandBakery.Infra.dll;{4F279183-FB25-4D23-95C4-A27D068B3B14}|MetalBandBakery.Core.dll;"
		Debug.AspNetCompiler.VirtualPath = "/localhost_59494"
		Debug.AspNetCompiler.PhysicalPath = "MetalBandBakery.ReplaceService.WCF\"
		Debug.AspNetCompiler.TargetPath = "PrecompiledWeb\localhost_59494\"
		Debug.AspNetCompiler.Updateable = "true"
		Debug.AspNetCompiler.ForceOverwrite = "true"
		Debug.AspNetCompiler.FixedNames = "false"
		Debug.AspNetCompiler.Debug = "True"
		Release.AspNetCompiler.VirtualPath = "/localhost_59494"
		Release.AspNetCompiler.PhysicalPath = "MetalBandBakery.ReplaceService.WCF\"
		Release.AspNetCompiler.TargetPath = "PrecompiledWeb\localhost_59494\"
		Release.AspNetCompiler.Updateable = "true"
		Release.AspNetCompiler.ForceOverwrite = "true"
		Release.AspNetCompiler.FixedNames = "false"
		Release.AspNetCompiler.Debug = "False"
		VWDPort = "59494"
		SlnRelativePath = "MetalBandBakery.ReplaceService.WCF\"
		DefaultWebSiteLanguage = "Visual C#"
	EndProjectSection
	ProjectSection(ProjectDependencies) = postProject
		{F1A3A2A8-03D9-46E3-BDE7-F578D721E285} = {F1A3A2A8-03D9-46E3-BDE7-F578D721E285}
	EndProjectSection
EndProject
Project("{9A19103F-16F7-4668-BE54-9A1E7A4F7556}") = "MetalBandBakery.PriceService.Api", "MetalBandBakery.PriceService.Api\MetalBandBakery.PriceService.Api.csproj", "{D143F10B-7D97-4E69-9F99-BB4DBC9BA164}"
EndProject
Project("{9A19103F-16F7-4668-BE54-9A1E7A4F7556}") = "MetalBandBakery.ChangerService.Api", "MetalBandBakery.ChangerService.Api\MetalBandBakery.ChangerService.Api.csproj", "{DC4CEE46-DB50-41B7-864C-72A7ACD6442D}"
EndProject
Project("{FAE04EC0-301F-11D3-BF4B-00C04F79EFBC}") = "MetalBandBakery.Admin", "MetalBandBakery.Admin\MetalBandBakery.Admin.csproj", "{DF737945-36AE-4DA3-A486-C4F90AB4A447}"
EndProject
Project("{FAE04EC0-301F-11D3-BF4B-00C04F79EFBC}") = "MetalBandBakery.MVC", "MetalBandBakery.MVC\MetalBandBakery.MVC.csproj", "{3E9B1AB0-A794-41B9-88EB-F226BD3917C2}"
	ProjectSection(ProjectDependencies) = postProject
		{CBDA0555-1016-4771-8AA6-EDD6917813FD} = {CBDA0555-1016-4771-8AA6-EDD6917813FD}
		{F1A3A2A8-03D9-46E3-BDE7-F578D721E285} = {F1A3A2A8-03D9-46E3-BDE7-F578D721E285}
	EndProjectSection
EndProject
Project("{E24C65DC-7377-472B-9ABA-BC803B73C61A}") = "MetalBandBakery.NamesService.WCF", "MetalBandBakery.NamesService.WCF\", "{CBDA0555-1016-4771-8AA6-EDD6917813FD}"
	ProjectSection(WebsiteProperties) = preProject
		TargetFrameworkMoniker = ".NETFramework,Version%3Dv4.7.2"
		ProjectReferences = "{634f2ea5-1c23-4766-821e-e7517c4ebdeb}|MetalBandBakery.Infra.dll;{4F279183-FB25-4D23-95C4-A27D068B3B14}|MetalBandBakery.Core.dll;"
		Debug.AspNetCompiler.VirtualPath = "/localhost_49313"
		Debug.AspNetCompiler.PhysicalPath = "MetalBandBakery.NamesService.WCF\"
		Debug.AspNetCompiler.TargetPath = "PrecompiledWeb\localhost_49313\"
		Debug.AspNetCompiler.Updateable = "true"
		Debug.AspNetCompiler.ForceOverwrite = "true"
		Debug.AspNetCompiler.FixedNames = "false"
		Debug.AspNetCompiler.Debug = "True"
		Release.AspNetCompiler.VirtualPath = "/localhost_49313"
		Release.AspNetCompiler.PhysicalPath = "MetalBandBakery.NamesService.WCF\"
		Release.AspNetCompiler.TargetPath = "PrecompiledWeb\localhost_49313\"
		Release.AspNetCompiler.Updateable = "true"
		Release.AspNetCompiler.ForceOverwrite = "true"
		Release.AspNetCompiler.FixedNames = "false"
		Release.AspNetCompiler.Debug = "False"
		VWDPort = "49313"
		SlnRelativePath = "MetalBandBakery.NamesService.WCF\"
		DefaultWebSiteLanguage = "Visual C#"
	EndProjectSection
EndProject
Project("{9A19103F-16F7-4668-BE54-9A1E7A4F7556}") = "MetalBandBakery.CartService.API", "MetalBandBakery.CartService.API\MetalBandBakery.CartService.API.csproj", "{602B8D42-C768-4C47-9484-340664D79E59}"
EndProject
Project("{FAE04EC0-301F-11D3-BF4B-00C04F79EFBC}") = "MetalBandBakery.WareHouseservice.API", "MetalBandBakery.WareHouseservice.API\MetalBandBakery.WareHouseservice.API.csproj", "{8826AEB8-A6EB-44F3-95F9-77D9B5E85603}"
EndProject
Global
	GlobalSection(SolutionConfigurationPlatforms) = preSolution
		Debug|Any CPU = Debug|Any CPU
		Release|Any CPU = Release|Any CPU
	EndGlobalSection
	GlobalSection(ProjectConfigurationPlatforms) = postSolution
		{4F02595E-7653-4DE1-89C2-6C156AA1DF1F}.Debug|Any CPU.ActiveCfg = Debug|Any CPU
		{4F02595E-7653-4DE1-89C2-6C156AA1DF1F}.Debug|Any CPU.Build.0 = Debug|Any CPU
		{4F02595E-7653-4DE1-89C2-6C156AA1DF1F}.Release|Any CPU.ActiveCfg = Release|Any CPU
		{4F02595E-7653-4DE1-89C2-6C156AA1DF1F}.Release|Any CPU.Build.0 = Release|Any CPU
		{4F279183-FB25-4D23-95C4-A27D068B3B14}.Debug|Any CPU.ActiveCfg = Debug|Any CPU
		{4F279183-FB25-4D23-95C4-A27D068B3B14}.Debug|Any CPU.Build.0 = Debug|Any CPU
		{4F279183-FB25-4D23-95C4-A27D068B3B14}.Release|Any CPU.ActiveCfg = Release|Any CPU
		{4F279183-FB25-4D23-95C4-A27D068B3B14}.Release|Any CPU.Build.0 = Release|Any CPU
		{F1A3A2A8-03D9-46E3-BDE7-F578D721E285}.Debug|Any CPU.ActiveCfg = Debug|Any CPU
		{F1A3A2A8-03D9-46E3-BDE7-F578D721E285}.Debug|Any CPU.Build.0 = Debug|Any CPU
		{F1A3A2A8-03D9-46E3-BDE7-F578D721E285}.Release|Any CPU.ActiveCfg = Debug|Any CPU
		{F1A3A2A8-03D9-46E3-BDE7-F578D721E285}.Release|Any CPU.Build.0 = Debug|Any CPU
		{634F2EA5-1C23-4766-821E-E7517C4EBDEB}.Debug|Any CPU.ActiveCfg = Debug|Any CPU
		{634F2EA5-1C23-4766-821E-E7517C4EBDEB}.Debug|Any CPU.Build.0 = Debug|Any CPU
		{634F2EA5-1C23-4766-821E-E7517C4EBDEB}.Release|Any CPU.ActiveCfg = Release|Any CPU
		{634F2EA5-1C23-4766-821E-E7517C4EBDEB}.Release|Any CPU.Build.0 = Release|Any CPU
		{9653DF9A-0374-4C25-BF2B-4A550A890DE6}.Debug|Any CPU.ActiveCfg = Debug|Any CPU
		{9653DF9A-0374-4C25-BF2B-4A550A890DE6}.Debug|Any CPU.Build.0 = Debug|Any CPU
		{9653DF9A-0374-4C25-BF2B-4A550A890DE6}.Release|Any CPU.ActiveCfg = Debug|Any CPU
		{9653DF9A-0374-4C25-BF2B-4A550A890DE6}.Release|Any CPU.Build.0 = Debug|Any CPU
		{D143F10B-7D97-4E69-9F99-BB4DBC9BA164}.Debug|Any CPU.ActiveCfg = Debug|Any CPU
		{D143F10B-7D97-4E69-9F99-BB4DBC9BA164}.Debug|Any CPU.Build.0 = Debug|Any CPU
		{D143F10B-7D97-4E69-9F99-BB4DBC9BA164}.Release|Any CPU.ActiveCfg = Release|Any CPU
		{D143F10B-7D97-4E69-9F99-BB4DBC9BA164}.Release|Any CPU.Build.0 = Release|Any CPU
		{DC4CEE46-DB50-41B7-864C-72A7ACD6442D}.Debug|Any CPU.ActiveCfg = Debug|Any CPU
		{DC4CEE46-DB50-41B7-864C-72A7ACD6442D}.Debug|Any CPU.Build.0 = Debug|Any CPU
		{DC4CEE46-DB50-41B7-864C-72A7ACD6442D}.Release|Any CPU.ActiveCfg = Release|Any CPU
		{DC4CEE46-DB50-41B7-864C-72A7ACD6442D}.Release|Any CPU.Build.0 = Release|Any CPU
		{DF737945-36AE-4DA3-A486-C4F90AB4A447}.Debug|Any CPU.ActiveCfg = Debug|Any CPU
		{DF737945-36AE-4DA3-A486-C4F90AB4A447}.Debug|Any CPU.Build.0 = Debug|Any CPU
		{DF737945-36AE-4DA3-A486-C4F90AB4A447}.Release|Any CPU.ActiveCfg = Release|Any CPU
		{DF737945-36AE-4DA3-A486-C4F90AB4A447}.Release|Any CPU.Build.0 = Release|Any CPU
		{3E9B1AB0-A794-41B9-88EB-F226BD3917C2}.Debug|Any CPU.ActiveCfg = Debug|Any CPU
		{3E9B1AB0-A794-41B9-88EB-F226BD3917C2}.Debug|Any CPU.Build.0 = Debug|Any CPU
		{3E9B1AB0-A794-41B9-88EB-F226BD3917C2}.Release|Any CPU.ActiveCfg = Release|Any CPU
		{3E9B1AB0-A794-41B9-88EB-F226BD3917C2}.Release|Any CPU.Build.0 = Release|Any CPU
		{CBDA0555-1016-4771-8AA6-EDD6917813FD}.Debug|Any CPU.ActiveCfg = Debug|Any CPU
		{CBDA0555-1016-4771-8AA6-EDD6917813FD}.Debug|Any CPU.Build.0 = Debug|Any CPU
		{CBDA0555-1016-4771-8AA6-EDD6917813FD}.Release|Any CPU.ActiveCfg = Debug|Any CPU
		{CBDA0555-1016-4771-8AA6-EDD6917813FD}.Release|Any CPU.Build.0 = Debug|Any CPU
		{602B8D42-C768-4C47-9484-340664D79E59}.Debug|Any CPU.ActiveCfg = Debug|Any CPU
		{602B8D42-C768-4C47-9484-340664D79E59}.Debug|Any CPU.Build.0 = Debug|Any CPU
		{602B8D42-C768-4C47-9484-340664D79E59}.Release|Any CPU.ActiveCfg = Release|Any CPU
		{602B8D42-C768-4C47-9484-340664D79E59}.Release|Any CPU.Build.0 = Release|Any CPU
		{8826AEB8-A6EB-44F3-95F9-77D9B5E85603}.Debug|Any CPU.ActiveCfg = Debug|Any CPU
		{8826AEB8-A6EB-44F3-95F9-77D9B5E85603}.Debug|Any CPU.Build.0 = Debug|Any CPU
		{8826AEB8-A6EB-44F3-95F9-77D9B5E85603}.Release|Any CPU.ActiveCfg = Release|Any CPU
		{8826AEB8-A6EB-44F3-95F9-77D9B5E85603}.Release|Any CPU.Build.0 = Release|Any CPU
	EndGlobalSection
	GlobalSection(SolutionProperties) = preSolution
		HideSolutionNode = FALSE
	EndGlobalSection
	GlobalSection(ExtensibilityGlobals) = postSolution
		SolutionGuid = {9B3A5F27-055E-4A47-ACB1-D9BA831EDAB8}
	EndGlobalSection
EndGlobal
